
Microsoft Visual Studio Solution File, Format Version 12.00
# Visual Studio 15
VisualStudioVersion = 15.0.27130.2027
MinimumVisualStudioVersion = 10.0.40219.1
Project("{FAE04EC0-301F-11D3-BF4B-00C04F79EFBC}") = "UnitTests", "UnitTests\UnitTests.csproj", "{A56BD87B-E41D-46D1-B794-D94DE6DA1658}"
EndProject
Project("{FAE04EC0-301F-11D3-BF4B-00C04F79EFBC}") = "FizzBuzz", "FizzBuzz\FizzBuzz.csproj", "{2B9B087E-ABF6-427C-82DE-6BB8C16D1F0E}"
EndProject
Global
	GlobalSection(SolutionConfigurationPlatforms) = preSolution
		Debug|Any CPU = Debug|Any CPU
		Release|Any CPU = Release|Any CPU
	EndGlobalSection
	GlobalSection(ProjectConfigurationPlatforms) = postSolution
		{A56BD87B-E41D-46D1-B794-D94DE6DA1658}.Debug|Any CPU.ActiveCfg = Debug|Any CPU
		{A56BD87B-E41D-46D1-B794-D94DE6DA1658}.Debug|Any CPU.Build.0 = Debug|Any CPU
		{A56BD87B-E41D-46D1-B794-D94DE6DA1658}.Release|Any CPU.ActiveCfg = Release|Any CPU
		{A56BD87B-E41D-46D1-B794-D94DE6DA1658}.Release|Any CPU.Build.0 = Release|Any CPU
		{2B9B087E-ABF6-427C-82DE-6BB8C16D1F0E}.Debug|Any CPU.ActiveCfg = Debug|Any CPU
		{2B9B087E-ABF6-427C-82DE-6BB8C16D1F0E}.Debug|Any CPU.Build.0 = Debug|Any CPU
		{2B9B087E-ABF6-427C-82DE-6BB8C16D1F0E}.Release|Any CPU.ActiveCfg = Release|Any CPU
		{2B9B087E-ABF6-427C-82DE-6BB8C16D1F0E}.Release|Any CPU.Build.0 = Release|Any CPU
	EndGlobalSection
	GlobalSection(SolutionProperties) = preSolution
		HideSolutionNode = FALSE
	EndGlobalSection
	GlobalSection(ExtensibilityGlobals) = postSolution
		SolutionGuid = {00937EDF-421C-4BFC-ADE1-A7D3CD5DF090}
	EndGlobalSection
EndGlobal
